
Microsoft Visual Studio Solution File, Format Version 12.00
# Visual Studio Version 17
VisualStudioVersion = 17.8.34525.116
MinimumVisualStudioVersion = 10.0.40219.1
Project("{9A19103F-16F7-4668-BE54-9A1E7A4F7556}") = "login", "login\login.csproj", "{3E1C1A1B-60BF-44F5-8D96-6061FE7F606B}"
EndProject
Project("{9A19103F-16F7-4668-BE54-9A1E7A4F7556}") = "Repository", "Repository\Repository.csproj", "{5471EBC7-42B3-49B9-AC31-05C0ADD37A4E}"
EndProject
Project("{FAE04EC0-301F-11D3-BF4B-00C04F79EFBC}") = "Service", "Service\Service.csproj", "{E635A52C-78F8-45A8-963E-8ECDEF722F55}"
EndProject
Project("{FAE04EC0-301F-11D3-BF4B-00C04F79EFBC}") = "Common", "Common\Common.csproj", "{ACDA08A7-7BDC-4316-BFE2-3E9B8A04FBB0}"
EndProject
Global
	GlobalSection(SolutionConfigurationPlatforms) = preSolution
		Debug|Any CPU = Debug|Any CPU
		Release|Any CPU = Release|Any CPU
	EndGlobalSection
	GlobalSection(ProjectConfigurationPlatforms) = postSolution
		{3E1C1A1B-60BF-44F5-8D96-6061FE7F606B}.Debug|Any CPU.ActiveCfg = Debug|Any CPU
		{3E1C1A1B-60BF-44F5-8D96-6061FE7F606B}.Debug|Any CPU.Build.0 = Debug|Any CPU
		{3E1C1A1B-60BF-44F5-8D96-6061FE7F606B}.Release|Any CPU.ActiveCfg = Release|Any CPU
		{3E1C1A1B-60BF-44F5-8D96-6061FE7F606B}.Release|Any CPU.Build.0 = Release|Any CPU
		{5471EBC7-42B3-49B9-AC31-05C0ADD37A4E}.Debug|Any CPU.ActiveCfg = Debug|Any CPU
		{5471EBC7-42B3-49B9-AC31-05C0ADD37A4E}.Debug|Any CPU.Build.0 = Debug|Any CPU
		{5471EBC7-42B3-49B9-AC31-05C0ADD37A4E}.Release|Any CPU.ActiveCfg = Release|Any CPU
		{5471EBC7-42B3-49B9-AC31-05C0ADD37A4E}.Release|Any CPU.Build.0 = Release|Any CPU
		{E635A52C-78F8-45A8-963E-8ECDEF722F55}.Debug|Any CPU.ActiveCfg = Debug|Any CPU
		{E635A52C-78F8-45A8-963E-8ECDEF722F55}.Debug|Any CPU.Build.0 = Debug|Any CPU
		{E635A52C-78F8-45A8-963E-8ECDEF722F55}.Release|Any CPU.ActiveCfg = Release|Any CPU
		{E635A52C-78F8-45A8-963E-8ECDEF722F55}.Release|Any CPU.Build.0 = Release|Any CPU
		{ACDA08A7-7BDC-4316-BFE2-3E9B8A04FBB0}.Debug|Any CPU.ActiveCfg = Debug|Any CPU
		{ACDA08A7-7BDC-4316-BFE2-3E9B8A04FBB0}.Debug|Any CPU.Build.0 = Debug|Any CPU
		{ACDA08A7-7BDC-4316-BFE2-3E9B8A04FBB0}.Release|Any CPU.ActiveCfg = Release|Any CPU
		{ACDA08A7-7BDC-4316-BFE2-3E9B8A04FBB0}.Release|Any CPU.Build.0 = Release|Any CPU
	EndGlobalSection
	GlobalSection(SolutionProperties) = preSolution
		HideSolutionNode = FALSE
	EndGlobalSection
	GlobalSection(ExtensibilityGlobals) = postSolution
		SolutionGuid = {677AB60D-B949-4F36-BF31-D656D4DA83D4}
	EndGlobalSection
EndGlobal
